
Microsoft Visual Studio Solution File, Format Version 12.00
# Visual Studio 15
VisualStudioVersion = 15.0.27703.2042
MinimumVisualStudioVersion = 10.0.40219.1
Project("{FAE04EC0-301F-11D3-BF4B-00C04F79EFBC}") = "Record", "Record\Record.csproj", "{0C7212D5-826D-4AD0-A835-5C8FE982F71A}"
EndProject
Global
	GlobalSection(SolutionConfigurationPlatforms) = preSolution
		Debug|Any CPU = Debug|Any CPU
		Release|Any CPU = Release|Any CPU
	EndGlobalSection
	GlobalSection(ProjectConfigurationPlatforms) = postSolution
		{0C7212D5-826D-4AD0-A835-5C8FE982F71A}.Debug|Any CPU.ActiveCfg = Debug|Any CPU
		{0C7212D5-826D-4AD0-A835-5C8FE982F71A}.Debug|Any CPU.Build.0 = Debug|Any CPU
		{0C7212D5-826D-4AD0-A835-5C8FE982F71A}.Release|Any CPU.ActiveCfg = Release|Any CPU
		{0C7212D5-826D-4AD0-A835-5C8FE982F71A}.Release|Any CPU.Build.0 = Release|Any CPU
	EndGlobalSection
	GlobalSection(SolutionProperties) = preSolution
		HideSolutionNode = FALSE
	EndGlobalSection
	GlobalSection(ExtensibilityGlobals) = postSolution
		SolutionGuid = {C99068CC-E8F1-4DC2-807D-668967D0B055}
	EndGlobalSection
EndGlobal
